
Microsoft Visual Studio Solution File, Format Version 12.00
# Visual Studio Version 17
VisualStudioVersion = 17.1.32210.238
MinimumVisualStudioVersion = 10.0.40219.1
Project("{FAE04EC0-301F-11D3-BF4B-00C04F79EFBC}") = "APISolar", "APISolar\APISolar.csproj", "{0E532B1C-BFCB-49EB-ADCC-5D432BB14B42}"
EndProject
Global
	GlobalSection(SolutionConfigurationPlatforms) = preSolution
		Debug|Any CPU = Debug|Any CPU
		Release|Any CPU = Release|Any CPU
	EndGlobalSection
	GlobalSection(ProjectConfigurationPlatforms) = postSolution
		{0E532B1C-BFCB-49EB-ADCC-5D432BB14B42}.Debug|Any CPU.ActiveCfg = Debug|Any CPU
		{0E532B1C-BFCB-49EB-ADCC-5D432BB14B42}.Debug|Any CPU.Build.0 = Debug|Any CPU
		{0E532B1C-BFCB-49EB-ADCC-5D432BB14B42}.Release|Any CPU.ActiveCfg = Release|Any CPU
		{0E532B1C-BFCB-49EB-ADCC-5D432BB14B42}.Release|Any CPU.Build.0 = Release|Any CPU
	EndGlobalSection
	GlobalSection(SolutionProperties) = preSolution
		HideSolutionNode = FALSE
	EndGlobalSection
	GlobalSection(ExtensibilityGlobals) = postSolution
		SolutionGuid = {D3A88D40-9E64-48DE-8044-542B2D4DFB59}
	EndGlobalSection
EndGlobal
